// !$*UTF8*$!
{
	archiveVersion = 1;
	classes = {
	};
	objectVersion = 50;
	objects = {

/* Begin PBXBuildFile section */
		416E54FF246BF84000677609 /* Color+Extension.swift in Sources */ = {isa = PBXBuildFile; fileRef = 416E54FE246BF84000677609 /* Color+Extension.swift */; };
		416E5501246E264700677609 /* UserView.swift in Sources */ = {isa = PBXBuildFile; fileRef = 416E5500246E264700677609 /* UserView.swift */; };
		416E5503246E985200677609 /* TodoEntity+Extension.swift in Sources */ = {isa = PBXBuildFile; fileRef = 416E5502246E985200677609 /* TodoEntity+Extension.swift */; };
		416E5505246EAAF300677609 /* CategoryView.swift in Sources */ = {isa = PBXBuildFile; fileRef = 416E5504246EAAF300677609 /* CategoryView.swift */; };
		4193012A246A4016009853A4 /* CheckBox.swift in Sources */ = {isa = PBXBuildFile; fileRef = 41930129246A4016009853A4 /* CheckBox.swift */; };
		41DC65D224696CBE00C3DD76 /* CategoryImage.swift in Sources */ = {isa = PBXBuildFile; fileRef = 41DC65D124696CBE00C3DD76 /* CategoryImage.swift */; };
		41EC1F70246938AB00F3C249 /* AppDelegate.swift in Sources */ = {isa = PBXBuildFile; fileRef = 41EC1F6F246938AB00F3C249 /* AppDelegate.swift */; };
		41EC1F72246938AB00F3C249 /* SceneDelegate.swift in Sources */ = {isa = PBXBuildFile; fileRef = 41EC1F71246938AB00F3C249 /* SceneDelegate.swift */; };
		41EC1F75246938AB00F3C249 /* Todo.xcdatamodeld in Sources */ = {isa = PBXBuildFile; fileRef = 41EC1F73246938AB00F3C249 /* Todo.xcdatamodeld */; };
		41EC1F77246938AB00F3C249 /* ContentView.swift in Sources */ = {isa = PBXBuildFile; fileRef = 41EC1F76246938AB00F3C249 /* ContentView.swift */; };
		41EC1F79246938AC00F3C249 /* Assets.xcassets in Resources */ = {isa = PBXBuildFile; fileRef = 41EC1F78246938AC00F3C249 /* Assets.xcassets */; };
		41EC1F7C246938AC00F3C249 /* Preview Assets.xcassets in Resources */ = {isa = PBXBuildFile; fileRef = 41EC1F7B246938AC00F3C249 /* Preview Assets.xcassets */; };
		41EC1F7F246938AC00F3C249 /* LaunchScreen.storyboard in Resources */ = {isa = PBXBuildFile; fileRef = 41EC1F7D246938AC00F3C249 /* LaunchScreen.storyboard */; };
/* End PBXBuildFile section */

/* Begin PBXFileReference section */
		416E54FE246BF84000677609 /* Color+Extension.swift */ = {isa = PBXFileReference; lastKnownFileType = sourcecode.swift; path = "Color+Extension.swift"; sourceTree = "<group>"; };
		416E5500246E264700677609 /* UserView.swift */ = {isa = PBXFileReference; lastKnownFileType = sourcecode.swift; path = UserView.swift; sourceTree = "<group>"; };
		416E5502246E985200677609 /* TodoEntity+Extension.swift */ = {isa = PBXFileReference; lastKnownFileType = sourcecode.swift; path = "TodoEntity+Extension.swift"; sourceTree = "<group>"; };
		416E5504246EAAF300677609 /* CategoryView.swift */ = {isa = PBXFileReference; lastKnownFileType = sourcecode.swift; path = CategoryView.swift; sourceTree = "<group>"; };
		41930129246A4016009853A4 /* CheckBox.swift */ = {isa = PBXFileReference; lastKnownFileType = sourcecode.swift; path = CheckBox.swift; sourceTree = "<group>"; };
		41DC65D124696CBE00C3DD76 /* CategoryImage.swift */ = {isa = PBXFileReference; lastKnownFileType = sourcecode.swift; path = CategoryImage.swift; sourceTree = "<group>"; };
		41EC1F6C246938AB00F3C249 /* Todo.app */ = {isa = PBXFileReference; explicitFileType = wrapper.application; includeInIndex = 0; path = Todo.app; sourceTree = BUILT_PRODUCTS_DIR; };
		41EC1F6F246938AB00F3C249 /* AppDelegate.swift */ = {isa = PBXFileReference; lastKnownFileType = sourcecode.swift; path = AppDelegate.swift; sourceTree = "<group>"; };
		41EC1F71246938AB00F3C249 /* SceneDelegate.swift */ = {isa = PBXFileReference; lastKnownFileType = sourcecode.swift; path = SceneDelegate.swift; sourceTree = "<group>"; };
		41EC1F74246938AB00F3C249 /* Todo.xcdatamodel */ = {isa = PBXFileReference; lastKnownFileType = wrapper.xcdatamodel; path = Todo.xcdatamodel; sourceTree = "<group>"; };
		41EC1F76246938AB00F3C249 /* ContentView.swift */ = {isa = PBXFileReference; lastKnownFileType = sourcecode.swift; path = ContentView.swift; sourceTree = "<group>"; };
		41EC1F78246938AC00F3C249 /* Assets.xcassets */ = {isa = PBXFileReference; lastKnownFileType = folder.assetcatalog; path = Assets.xcassets; sourceTree = "<group>"; };
		41EC1F7B246938AC00F3C249 /* Preview Assets.xcassets */ = {isa = PBXFileReference; lastKnownFileType = folder.assetcatalog; path = "Preview Assets.xcassets"; sourceTree = "<group>"; };
		41EC1F7E246938AC00F3C249 /* Base */ = {isa = PBXFileReference; lastKnownFileType = file.storyboard; name = Base; path = Base.lproj/LaunchScreen.storyboard; sourceTree = "<group>"; };
		41EC1F80246938AD00F3C249 /* Info.plist */ = {isa = PBXFileReference; lastKnownFileType = text.plist.xml; path = Info.plist; sourceTree = "<group>"; };
/* End PBXFileReference section */

/* Begin PBXFrameworksBuildPhase section */
		41EC1F69246938AB00F3C249 /* Frameworks */ = {
			isa = PBXFrameworksBuildPhase;
			buildActionMask = 2147483647;
			files = (
			);
			runOnlyForDeploymentPostprocessing = 0;
		};
/* End PBXFrameworksBuildPhase section */

/* Begin PBXGroup section */
		416E54FD246BF7E500677609 /* Extension */ = {
			isa = PBXGroup;
			children = (
				416E54FE246BF84000677609 /* Color+Extension.swift */,
				416E5502246E985200677609 /* TodoEntity+Extension.swift */,
			);
			path = Extension;
			sourceTree = "<group>";
		};
		41EC1F63246938AB00F3C249 = {
			isa = PBXGroup;
			children = (
				41EC1F6E246938AB00F3C249 /* Todo */,
				41EC1F6D246938AB00F3C249 /* Products */,
			);
			sourceTree = "<group>";
		};
		41EC1F6D246938AB00F3C249 /* Products */ = {
			isa = PBXGroup;
			children = (
				41EC1F6C246938AB00F3C249 /* Todo.app */,
			);
			name = Products;
			sourceTree = "<group>";
		};
		41EC1F6E246938AB00F3C249 /* Todo */ = {
			isa = PBXGroup;
			children = (
				416E54FD246BF7E500677609 /* Extension */,
				41EC1F6F246938AB00F3C249 /* AppDelegate.swift */,
				41EC1F71246938AB00F3C249 /* SceneDelegate.swift */,
				41EC1F76246938AB00F3C249 /* ContentView.swift */,
				41DC65D124696CBE00C3DD76 /* CategoryImage.swift */,
				41930129246A4016009853A4 /* CheckBox.swift */,
				416E5500246E264700677609 /* UserView.swift */,
				416E5504246EAAF300677609 /* CategoryView.swift */,
				41EC1F78246938AC00F3C249 /* Assets.xcassets */,
				41EC1F7D246938AC00F3C249 /* LaunchScreen.storyboard */,
				41EC1F80246938AD00F3C249 /* Info.plist */,
				41EC1F73246938AB00F3C249 /* Todo.xcdatamodeld */,
				41EC1F7A246938AC00F3C249 /* Preview Content */,
			);
			path = Todo;
			sourceTree = "<group>";
		};
		41EC1F7A246938AC00F3C249 /* Preview Content */ = {
			isa = PBXGroup;
			children = (
				41EC1F7B246938AC00F3C249 /* Preview Assets.xcassets */,
			);
			path = "Preview Content";
			sourceTree = "<group>";
		};
/* End PBXGroup section */

/* Begin PBXNativeTarget section */
		41EC1F6B246938AB00F3C249 /* Todo */ = {
			isa = PBXNativeTarget;
			buildConfigurationList = 41EC1F83246938AD00F3C249 /* Build configuration list for PBXNativeTarget "Todo" */;
			buildPhases = (
				41EC1F68246938AB00F3C249 /* Sources */,
				41EC1F69246938AB00F3C249 /* Frameworks */,
				41EC1F6A246938AB00F3C249 /* Resources */,
			);
			buildRules = (
			);
			dependencies = (
			);
			name = Todo;
			productName = Todo;
			productReference = 41EC1F6C246938AB00F3C249 /* Todo.app */;
			productType = "com.apple.product-type.application";
		};
/* End PBXNativeTarget section */

/* Begin PBXProject section */
		41EC1F64246938AB00F3C249 /* Project object */ = {
			isa = PBXProject;
			attributes = {
				LastSwiftUpdateCheck = 1140;
				LastUpgradeCheck = 1140;
				ORGANIZATIONNAME = example.com;
				TargetAttributes = {
					41EC1F6B246938AB00F3C249 = {
						CreatedOnToolsVersion = 11.4.1;
					};
				};
			};
			buildConfigurationList = 41EC1F67246938AB00F3C249 /* Build configuration list for PBXProject "Todo" */;
			compatibilityVersion = "Xcode 9.3";
			developmentRegion = en;
			hasScannedForEncodings = 0;
			knownRegions = (
				en,
				Base,
			);
			mainGroup = 41EC1F63246938AB00F3C249;
			productRefGroup = 41EC1F6D246938AB00F3C249 /* Products */;
			projectDirPath = "";
			projectRoot = "";
			targets = (
				41EC1F6B246938AB00F3C249 /* Todo */,
			);
		};
/* End PBXProject section */

/* Begin PBXResourcesBuildPhase section */
		41EC1F6A246938AB00F3C249 /* Resources */ = {
			isa = PBXResourcesBuildPhase;
			buildActionMask = 2147483647;
			files = (
				41EC1F7F246938AC00F3C249 /* LaunchScreen.storyboard in Resources */,
				41EC1F7C246938AC00F3C249 /* Preview Assets.xcassets in Resources */,
				41EC1F79246938AC00F3C249 /* Assets.xcassets in Resources */,
			);
			runOnlyForDeploymentPostprocessing = 0;
		};
/* End PBXResourcesBuildPhase section */

/* Begin PBXSourcesBuildPhase section */
		41EC1F68246938AB00F3C249 /* Sources */ = {
			isa = PBXSourcesBuildPhase;
			buildActionMask = 2147483647;
			files = (
				41EC1F70246938AB00F3C249 /* AppDelegate.swift in Sources */,
				416E54FF246BF84000677609 /* Color+Extension.swift in Sources */,
				41EC1F75246938AB00F3C249 /* Todo.xcdatamodeld in Sources */,
				416E5501246E264700677609 /* UserView.swift in Sources */,
				416E5505246EAAF300677609 /* CategoryView.swift in Sources */,
				4193012A246A4016009853A4 /* CheckBox.swift in Sources */,
				41EC1F77246938AB00F3C249 /* ContentView.swift in Sources */,
				41DC65D224696CBE00C3DD76 /* CategoryImage.swift in Sources */,
				416E5503246E985200677609 /* TodoEntity+Extension.swift in Sources */,
				41EC1F72246938AB00F3C249 /* SceneDelegate.swift in Sources */,
			);
			runOnlyForDeploymentPostprocessing = 0;
		};
/* End PBXSourcesBuildPhase section */

/* Begin PBXVariantGroup section */
		41EC1F7D246938AC00F3C249 /* LaunchScreen.storyboard */ = {
			isa = PBXVariantGroup;
			children = (
				41EC1F7E246938AC00F3C249 /* Base */,
			);
			name = LaunchScreen.storyboard;
			sourceTree = "<group>";
		};
/* End PBXVariantGroup section */

/* Begin XCBuildConfiguration section */
		41EC1F81246938AD00F3C249 /* Debug */ = {
			isa = XCBuildConfiguration;
			buildSettings = {
				ALWAYS_SEARCH_USER_PATHS = NO;
				CLANG_ANALYZER_NONNULL = YES;
				CLANG_ANALYZER_NUMBER_OBJECT_CONVERSION = YES_AGGRESSIVE;
				CLANG_CXX_LANGUAGE_STANDARD = "gnu++14";
				CLANG_CXX_LIBRARY = "libc++";
				CLANG_ENABLE_MODULES = YES;
				CLANG_ENABLE_OBJC_ARC = YES;
				CLANG_ENABLE_OBJC_WEAK = YES;
				CLANG_WARN_BLOCK_CAPTURE_AUTORELEASING = YES;
				CLANG_WARN_BOOL_CONVERSION = YES;
				CLANG_WARN_COMMA = YES;
				CLANG_WARN_CONSTANT_CONVERSION = YES;
				CLANG_WARN_DEPRECATED_OBJC_IMPLEMENTATIONS = YES;
				CLANG_WARN_DIRECT_OBJC_ISA_USAGE = YES_ERROR;
				CLANG_WARN_DOCUMENTATION_COMMENTS = YES;
				CLANG_WARN_EMPTY_BODY = YES;
				CLANG_WARN_ENUM_CONVERSION = YES;
				CLANG_WARN_INFINITE_RECURSION = YES;
				CLANG_WARN_INT_CONVERSION = YES;
				CLANG_WARN_NON_LITERAL_NULL_CONVERSION = YES;
				CLANG_WARN_OBJC_IMPLICIT_RETAIN_SELF = YES;
				CLANG_WARN_OBJC_LITERAL_CONVERSION = YES;
				CLANG_WARN_OBJC_ROOT_CLASS = YES_ERROR;
				CLANG_WARN_RANGE_LOOP_ANALYSIS = YES;
				CLANG_WARN_STRICT_PROTOTYPES = YES;
				CLANG_WARN_SUSPICIOUS_MOVE = YES;
				CLANG_WARN_UNGUARDED_AVAILABILITY = YES_AGGRESSIVE;
				CLANG_WARN_UNREACHABLE_CODE = YES;
				CLANG_WARN__DUPLICATE_METHOD_MATCH = YES;
				COPY_PHASE_STRIP = NO;
				DEBUG_INFORMATION_FORMAT = dwarf;
				ENABLE_STRICT_OBJC_MSGSEND = YES;
				ENABLE_TESTABILITY = YES;
				GCC_C_LANGUAGE_STANDARD = gnu11;
				GCC_DYNAMIC_NO_PIC = NO;
				GCC_NO_COMMON_BLOCKS = YES;
				GCC_OPTIMIZATION_LEVEL = 0;
				GCC_PREPROCESSOR_DEFINITIONS = (
					"DEBUG=1",
					"$(inherited)",
				);
				GCC_WARN_64_TO_32_BIT_CONVERSION = YES;
				GCC_WARN_ABOUT_RETURN_TYPE = YES_ERROR;
				GCC_WARN_UNDECLARED_SELECTOR = YES;
				GCC_WARN_UNINITIALIZED_AUTOS = YES_AGGRESSIVE;
				GCC_WARN_UNUSED_FUNCTION = YES;
				GCC_WARN_UNUSED_VARIABLE = YES;
				IPHONEOS_DEPLOYMENT_TARGET = 13.4;
				MTL_ENABLE_DEBUG_INFO = INCLUDE_SOURCE;
				MTL_FAST_MATH = YES;
				ONLY_ACTIVE_ARCH = YES;
				SDKROOT = iphoneos;
				SWIFT_ACTIVE_COMPILATION_CONDITIONS = DEBUG;
				SWIFT_OPTIMIZATION_LEVEL = "-Onone";
			};
			name = Debug;
		};
		41EC1F82246938AD00F3C249 /* Release */ = {
			isa = XCBuildConfiguration;
			buildSettings = {
				ALWAYS_SEARCH_USER_PATHS = NO;
				CLANG_ANALYZER_NONNULL = YES;
				CLANG_ANALYZER_NUMBER_OBJECT_CONVERSION = YES_AGGRESSIVE;
				CLANG_CXX_LANGUAGE_STANDARD = "gnu++14";
				CLANG_CXX_LIBRARY = "libc++";
				CLANG_ENABLE_MODULES = YES;
				CLANG_ENABLE_OBJC_ARC = YES;
				CLANG_ENABLE_OBJC_WEAK = YES;
				CLANG_WARN_BLOCK_CAPTURE_AUTORELEASING = YES;
				CLANG_WARN_BOOL_CONVERSION = YES;
				CLANG_WARN_COMMA = YES;
				CLANG_WARN_CONSTANT_CONVERSION = YES;
				CLANG_WARN_DEPRECATED_OBJC_IMPLEMENTATIONS = YES;
				CLANG_WARN_DIRECT_OBJC_ISA_USAGE = YES_ERROR;
				CLANG_WARN_DOCUMENTATION_COMMENTS = YES;
				CLANG_WARN_EMPTY_BODY = YES;
				CLANG_WARN_ENUM_CONVERSION = YES;
				CLANG_WARN_INFINITE_RECURSION = YES;
				CLANG_WARN_INT_CONVERSION = YES;
				CLANG_WARN_NON_LITERAL_NULL_CONVERSION = YES;
				CLANG_WARN_OBJC_IMPLICIT_RETAIN_SELF = YES;
				CLANG_WARN_OBJC_LITERAL_CONVERSION = YES;
				CLANG_WARN_OBJC_ROOT_CLASS = YES_ERROR;
				CLANG_WARN_RANGE_LOOP_ANALYSIS = YES;
				CLANG_WARN_STRICT_PROTOTYPES = YES;
				CLANG_WARN_SUSPICIOUS_MOVE = YES;
				CLANG_WARN_UNGUARDED_AVAILABILITY = YES_AGGRESSIVE;
				CLANG_WARN_UNREACHABLE_CODE = YES;
				CLANG_WARN__DUPLICATE_METHOD_MATCH = YES;
				COPY_PHASE_STRIP = NO;
				DEBUG_INFORMATION_FORMAT = "dwarf-with-dsym";
				ENABLE_NS_ASSERTIONS = NO;
				ENABLE_STRICT_OBJC_MSGSEND = YES;
				GCC_C_LANGUAGE_STANDARD = gnu11;
				GCC_NO_COMMON_BLOCKS = YES;
				GCC_WARN_64_TO_32_BIT_CONVERSION = YES;
				GCC_WARN_ABOUT_RETURN_TYPE = YES_ERROR;
				GCC_WARN_UNDECLARED_SELECTOR = YES;
				GCC_WARN_UNINITIALIZED_AUTOS = YES_AGGRESSIVE;
				GCC_WARN_UNUSED_FUNCTION = YES;
				GCC_WARN_UNUSED_VARIABLE = YES;
				IPHONEOS_DEPLOYMENT_TARGET = 13.4;
				MTL_ENABLE_DEBUG_INFO = NO;
				MTL_FAST_MATH = YES;
				SDKROOT = iphoneos;
				SWIFT_COMPILATION_MODE = wholemodule;
				SWIFT_OPTIMIZATION_LEVEL = "-O";
				VALIDATE_PRODUCT = YES;
			};
			name = Release;
		};
		41EC1F84246938AD00F3C249 /* Debug */ = {
			isa = XCBuildConfiguration;
			buildSettings = {
				ASSETCATALOG_COMPILER_APPICON_NAME = AppIcon;
				CODE_SIGN_STYLE = Automatic;
				DEVELOPMENT_ASSET_PATHS = "\"Todo/Preview Content\"";
				ENABLE_PREVIEWS = YES;
				INFOPLIST_FILE = Todo/Info.plist;
				LD_RUNPATH_SEARCH_PATHS = (
					"$(inherited)",
					"@executable_path/Frameworks",
				);
				PRODUCT_BUNDLE_IDENTIFIER = com.example.Todo;
				PRODUCT_NAME = "$(TARGET_NAME)";
				SWIFT_VERSION = 5.0;
				TARGETED_DEVICE_FAMILY = "1,2";
			};
			name = Debug;
		};
		41EC1F85246938AD00F3C249 /* Release */ = {
			isa = XCBuildConfiguration;
			buildSettings = {
				ASSETCATALOG_COMPILER_APPICON_NAME = AppIcon;
				CODE_SIGN_STYLE = Automatic;
				DEVELOPMENT_ASSET_PATHS = "\"Todo/Preview Content\"";
				ENABLE_PREVIEWS = YES;
				INFOPLIST_FILE = Todo/Info.plist;
				LD_RUNPATH_SEARCH_PATHS = (
					"$(inherited)",
					"@executable_path/Frameworks",
				);
				PRODUCT_BUNDLE_IDENTIFIER = com.example.Todo;
				PRODUCT_NAME = "$(TARGET_NAME)";
				SWIFT_VERSION = 5.0;
				TARGETED_DEVICE_FAMILY = "1,2";
			};
			name = Release;
		};
/* End XCBuildConfiguration section */

/* Begin XCConfigurationList section */
		41EC1F67246938AB00F3C249 /* Build configuration list for PBXProject "Todo" */ = {
			isa = XCConfigurationList;
			buildConfigurations = (
				41EC1F81246938AD00F3C249 /* Debug */,
				41EC1F82246938AD00F3C249 /* Release */,
			);
			defaultConfigurationIsVisible = 0;
			defaultConfigurationName = Release;
		};
		41EC1F83246938AD00F3C249 /* Build configuration list for PBXNativeTarget "Todo" */ = {
			isa = XCConfigurationList;
			buildConfigurations = (
				41EC1F84246938AD00F3C249 /* Debug */,
				41EC1F85246938AD00F3C249 /* Release */,
			);
			defaultConfigurationIsVisible = 0;
			defaultConfigurationName = Release;
		};
/* End XCConfigurationList section */

/* Begin XCVersionGroup section */
		41EC1F73246938AB00F3C249 /* Todo.xcdatamodeld */ = {
			isa = XCVersionGroup;
			children = (
				41EC1F74246938AB00F3C249 /* Todo.xcdatamodel */,
			);
			currentVersion = 41EC1F74246938AB00F3C249 /* Todo.xcdatamodel */;
			path = Todo.xcdatamodeld;
			sourceTree = "<group>";
			versionGroupType = wrapper.xcdatamodel;
		};
/* End XCVersionGroup section */
	};
	rootObject = 41EC1F64246938AB00F3C249 /* Project object */;
}
